
Microsoft Visual Studio Solution File, Format Version 12.00
# Visual Studio 2012
Project("{FAE04EC0-301F-11D3-BF4B-00C04F79EFBC}") = "HarvestTracker", "HarvestTracker\HarvestTracker.csproj", "{E789C466-121C-469A-B7A3-171B37DA3A05}"
EndProject
Project("{2150E333-8FDC-42A3-9474-1A3956D46DE8}") = "Solution Items", "Solution Items", "{6F14DEE3-66A8-4C4D-A26B-6AB5D42E9AF8}"
EndProject
Global
	GlobalSection(SolutionConfigurationPlatforms) = preSolution
		Debug|Any CPU = Debug|Any CPU
		Release|Any CPU = Release|Any CPU
	EndGlobalSection
	GlobalSection(ProjectConfigurationPlatforms) = postSolution
		{E789C466-121C-469A-B7A3-171B37DA3A05}.Debug|Any CPU.ActiveCfg = Debug|Any CPU
		{E789C466-121C-469A-B7A3-171B37DA3A05}.Debug|Any CPU.Build.0 = Debug|Any CPU
		{E789C466-121C-469A-B7A3-171B37DA3A05}.Release|Any CPU.ActiveCfg = Release|Any CPU
		{E789C466-121C-469A-B7A3-171B37DA3A05}.Release|Any CPU.Build.0 = Release|Any CPU
	EndGlobalSection
	GlobalSection(NestedProjects) = preSolution
	EndGlobalSection
	GlobalSection(MonoDevelopProperties) = preSolution
		StartupItem = HarvestTracker\HarvestTracker.csproj
	EndGlobalSection
EndGlobal
